<?xml version="1.0" encoding="utf-8"?>
<Project ToolsVersion="4.0" xmlns="http://schemas.microsoft.com/developer/msbuild/2003">
  <ItemGroup>
    <Filter Include="Source Files">
      <UniqueIdentifier>{62DE6C90-29DF-4FDA-9883-9231C9E35D8C}</UniqueIdentifier>
      <Extensions>cpp;c;cc;cxx</Extensions>
    </Filter>
  </ItemGroup>
  <ItemGroup>
    <ClCompile Include="src\app.cpp">
      <Filter>Source Files</Filter>
    </ClCompile>
    <ClCompile Include="src\decode_scheduler.cpp">
      <Filter>Source Files</Filter>
    </ClCompile>
    <ClCompile Include="src\direct2d_renderer.cpp">
      <Filter>Source Files</Filter>
    </ClCompile>
    <ClCompile Include="src\main.cpp">
      <Filter>Source Files</Filter>
    </ClCompile>
    <ClCompile Include="src\navigation_controller.cpp">
      <Filter>Source Files</Filter>
    </ClCompile>
    <ClCompile Include="src\telemetry.cpp">
      <Filter>Source Files</Filter>
    </ClCompile>
  </ItemGroup>
  <ItemGroup>
    <ClInclude Include="src\app.h" />
    <ClInclude Include="src\decode_scheduler.h" />
    <ClInclude Include="src\decoded_image.h" />
    <ClInclude Include="src\direct2d_renderer.h" />
    <ClInclude Include="src\navigation_controller.h" />
    <ClInclude Include="src\telemetry.h" />
  </ItemGroup>
  <ItemGroup>
    <Manifest Include="PhotoViewer.manifest" />
  </ItemGroup>
</Project>
